
Microsoft Visual Studio Solution File, Format Version 12.00
# Visual Studio 15
VisualStudioVersion = 15.0.27130.2024
MinimumVisualStudioVersion = 10.0.40219.1
Project("{FAE04EC0-301F-11D3-BF4B-00C04F79EFBC}") = "JiraReporting.Infrastructure", "JiraReporting.Infrastructure\JiraReporting.Infrastructure.csproj", "{9510C26A-AB8D-403A-AA86-07801999D912}"
EndProject
Project("{FAE04EC0-301F-11D3-BF4B-00C04F79EFBC}") = "JiraReporting", "JiraReporting\JiraReporting.csproj", "{34DCF960-5F06-4959-9357-93B579D08B00}"
EndProject
Project("{FAE04EC0-301F-11D3-BF4B-00C04F79EFBC}") = "JiraReporting.Models", "JiraReporting.Models\JiraReporting.Models.csproj", "{C0C08063-96AC-40C2-B139-AE1432F86183}"
EndProject
Project("{FAE04EC0-301F-11D3-BF4B-00C04F79EFBC}") = "JiraReporting.Services", "JiraReporting.Services\JiraReporting.Services.csproj", "{BFFDFE13-42F2-442E-AB26-039A495B234A}"
EndProject
Project("{FAE04EC0-301F-11D3-BF4B-00C04F79EFBC}") = "JiraReporting.JiraClient", "JiraReporting.JiraClient\JiraReporting.JiraClient.csproj", "{1D6CB821-BF8D-4518-B3A7-B4686FAA4FD9}"
EndProject
Global
	GlobalSection(SolutionConfigurationPlatforms) = preSolution
		Debug|Any CPU = Debug|Any CPU
		Release|Any CPU = Release|Any CPU
	EndGlobalSection
	GlobalSection(ProjectConfigurationPlatforms) = postSolution
		{9510C26A-AB8D-403A-AA86-07801999D912}.Debug|Any CPU.ActiveCfg = Debug|Any CPU
		{9510C26A-AB8D-403A-AA86-07801999D912}.Debug|Any CPU.Build.0 = Debug|Any CPU
		{9510C26A-AB8D-403A-AA86-07801999D912}.Release|Any CPU.ActiveCfg = Release|Any CPU
		{9510C26A-AB8D-403A-AA86-07801999D912}.Release|Any CPU.Build.0 = Release|Any CPU
		{34DCF960-5F06-4959-9357-93B579D08B00}.Debug|Any CPU.ActiveCfg = Debug|Any CPU
		{34DCF960-5F06-4959-9357-93B579D08B00}.Debug|Any CPU.Build.0 = Debug|Any CPU
		{34DCF960-5F06-4959-9357-93B579D08B00}.Release|Any CPU.ActiveCfg = Release|Any CPU
		{34DCF960-5F06-4959-9357-93B579D08B00}.Release|Any CPU.Build.0 = Release|Any CPU
		{C0C08063-96AC-40C2-B139-AE1432F86183}.Debug|Any CPU.ActiveCfg = Debug|Any CPU
		{C0C08063-96AC-40C2-B139-AE1432F86183}.Debug|Any CPU.Build.0 = Debug|Any CPU
		{C0C08063-96AC-40C2-B139-AE1432F86183}.Release|Any CPU.ActiveCfg = Release|Any CPU
		{C0C08063-96AC-40C2-B139-AE1432F86183}.Release|Any CPU.Build.0 = Release|Any CPU
		{BFFDFE13-42F2-442E-AB26-039A495B234A}.Debug|Any CPU.ActiveCfg = Debug|Any CPU
		{BFFDFE13-42F2-442E-AB26-039A495B234A}.Debug|Any CPU.Build.0 = Debug|Any CPU
		{BFFDFE13-42F2-442E-AB26-039A495B234A}.Release|Any CPU.ActiveCfg = Release|Any CPU
		{BFFDFE13-42F2-442E-AB26-039A495B234A}.Release|Any CPU.Build.0 = Release|Any CPU
		{1D6CB821-BF8D-4518-B3A7-B4686FAA4FD9}.Debug|Any CPU.ActiveCfg = Debug|Any CPU
		{1D6CB821-BF8D-4518-B3A7-B4686FAA4FD9}.Debug|Any CPU.Build.0 = Debug|Any CPU
		{1D6CB821-BF8D-4518-B3A7-B4686FAA4FD9}.Release|Any CPU.ActiveCfg = Release|Any CPU
		{1D6CB821-BF8D-4518-B3A7-B4686FAA4FD9}.Release|Any CPU.Build.0 = Release|Any CPU
	EndGlobalSection
	GlobalSection(SolutionProperties) = preSolution
		HideSolutionNode = FALSE
	EndGlobalSection
	GlobalSection(ExtensibilityGlobals) = postSolution
		SolutionGuid = {BBFBC781-C370-49F9-A5FB-B0879EC39865}
	EndGlobalSection
EndGlobal
